
Microsoft Visual Studio Solution File, Format Version 12.00
# Visual Studio Version 16
VisualStudioVersion = 16.0.29519.87
MinimumVisualStudioVersion = 10.0.40219.1
Project("{FAE04EC0-301F-11D3-BF4B-00C04F79EFBC}") = "DZ1", "DZ1.csproj", "{E479D946-554A-415B-8B20-8482F7D8FC33}"
EndProject
Project("{FAE04EC0-301F-11D3-BF4B-00C04F79EFBC}") = "ClassLibrary", "..\ClassLibrary\ClassLibrary.csproj", "{12C0546B-AEC3-434D-8664-54C04054138C}"
EndProject
Global
	GlobalSection(SolutionConfigurationPlatforms) = preSolution
		Debug|Any CPU = Debug|Any CPU
		Release|Any CPU = Release|Any CPU
	EndGlobalSection
	GlobalSection(ProjectConfigurationPlatforms) = postSolution
		{E479D946-554A-415B-8B20-8482F7D8FC33}.Debug|Any CPU.ActiveCfg = Debug|Any CPU
		{E479D946-554A-415B-8B20-8482F7D8FC33}.Debug|Any CPU.Build.0 = Debug|Any CPU
		{E479D946-554A-415B-8B20-8482F7D8FC33}.Release|Any CPU.ActiveCfg = Release|Any CPU
		{E479D946-554A-415B-8B20-8482F7D8FC33}.Release|Any CPU.Build.0 = Release|Any CPU
		{12C0546B-AEC3-434D-8664-54C04054138C}.Debug|Any CPU.ActiveCfg = Debug|Any CPU
		{12C0546B-AEC3-434D-8664-54C04054138C}.Debug|Any CPU.Build.0 = Debug|Any CPU
		{12C0546B-AEC3-434D-8664-54C04054138C}.Release|Any CPU.ActiveCfg = Release|Any CPU
		{12C0546B-AEC3-434D-8664-54C04054138C}.Release|Any CPU.Build.0 = Release|Any CPU
	EndGlobalSection
	GlobalSection(SolutionProperties) = preSolution
		HideSolutionNode = FALSE
	EndGlobalSection
	GlobalSection(ExtensibilityGlobals) = postSolution
		SolutionGuid = {F434C05B-DA7C-47EF-AB5A-FB9EF94EA0F0}
	EndGlobalSection
EndGlobal
