
Microsoft Visual Studio Solution File, Format Version 12.00
# Visual Studio Version 16
VisualStudioVersion = 16.0.30804.86
MinimumVisualStudioVersion = 10.0.40219.1
Project("{FAE04EC0-301F-11D3-BF4B-00C04F79EFBC}") = "ClassLibraryTvShows", "ClassLibraryTvShows\ClassLibraryTvShows.csproj", "{593DD536-99FF-47E8-9A6B-5F02923E62AF}"
EndProject
Project("{FAE04EC0-301F-11D3-BF4B-00C04F79EFBC}") = "TvShowsUI", "TvShowsUI\TvShowsUI.csproj", "{F083D04F-5D09-4813-BC35-C98FEBDAF548}"
EndProject
Global
	GlobalSection(SolutionConfigurationPlatforms) = preSolution
		Debug|Any CPU = Debug|Any CPU
		Release|Any CPU = Release|Any CPU
	EndGlobalSection
	GlobalSection(ProjectConfigurationPlatforms) = postSolution
		{593DD536-99FF-47E8-9A6B-5F02923E62AF}.Debug|Any CPU.ActiveCfg = Debug|Any CPU
		{593DD536-99FF-47E8-9A6B-5F02923E62AF}.Debug|Any CPU.Build.0 = Debug|Any CPU
		{593DD536-99FF-47E8-9A6B-5F02923E62AF}.Release|Any CPU.ActiveCfg = Release|Any CPU
		{593DD536-99FF-47E8-9A6B-5F02923E62AF}.Release|Any CPU.Build.0 = Release|Any CPU
		{F083D04F-5D09-4813-BC35-C98FEBDAF548}.Debug|Any CPU.ActiveCfg = Debug|Any CPU
		{F083D04F-5D09-4813-BC35-C98FEBDAF548}.Debug|Any CPU.Build.0 = Debug|Any CPU
		{F083D04F-5D09-4813-BC35-C98FEBDAF548}.Release|Any CPU.ActiveCfg = Release|Any CPU
		{F083D04F-5D09-4813-BC35-C98FEBDAF548}.Release|Any CPU.Build.0 = Release|Any CPU
	EndGlobalSection
	GlobalSection(SolutionProperties) = preSolution
		HideSolutionNode = FALSE
	EndGlobalSection
	GlobalSection(ExtensibilityGlobals) = postSolution
		SolutionGuid = {B2F187CF-2B88-4F01-868F-002CF8AFFE9A}
	EndGlobalSection
EndGlobal
